
Microsoft Visual Studio Solution File, Format Version 12.00
# Visual Studio Version 17
VisualStudioVersion = 17.9.34728.123
MinimumVisualStudioVersion = 10.0.40219.1
Project("{9A19103F-16F7-4668-BE54-9A1E7A4F7556}") = "CMSAPI", "ContractManagementSystemCleanArchAPI\CMSAPI.csproj", "{DD518C4E-6FAE-4C96-B68F-AB4FAD290491}"
	ProjectSection(ProjectDependencies) = postProject
		{04620F96-F4D9-4556-BCF5-D54E4D931171} = {04620F96-F4D9-4556-BCF5-D54E4D931171}
		{2CC357B6-3E0B-4DC6-AA0E-D7DE190DC3F9} = {2CC357B6-3E0B-4DC6-AA0E-D7DE190DC3F9}
	EndProjectSection
EndProject
Project("{9A19103F-16F7-4668-BE54-9A1E7A4F7556}") = "CMS.Application", "ContractManagementSystemCleanArch.Application\CMS.Application.csproj", "{2CC357B6-3E0B-4DC6-AA0E-D7DE190DC3F9}"
EndProject
Project("{9A19103F-16F7-4668-BE54-9A1E7A4F7556}") = "CMS.Domain", "ContractManagementSystemCleanArch.Domain\CMS.Domain.csproj", "{4D72B20C-C5AD-4B8B-BF35-BBB1EFB65CF6}"
EndProject
Project("{9A19103F-16F7-4668-BE54-9A1E7A4F7556}") = "CMS.Infrastructure", "ContractManagementSystemCleanArch.Infrastructure\CMS.Infrastructure.csproj", "{04620F96-F4D9-4556-BCF5-D54E4D931171}"
EndProject
Project("{9A19103F-16F7-4668-BE54-9A1E7A4F7556}") = "CMS.Tests", "ContractManagementSystemCleanArch.Tests\CMS.Tests.csproj", "{3597AA71-CC7E-4E65-BE16-AB17654CF814}"
EndProject
Project("{2150E333-8FDC-42A3-9474-1A3956D46DE8}") = "CMS.Presentation", "CMS.Presentation", "{2CB3E1C5-BBEE-4810-9A5D-62C7C3394D78}"
EndProject
Global
	GlobalSection(SolutionConfigurationPlatforms) = preSolution
		Debug|Any CPU = Debug|Any CPU
		Release|Any CPU = Release|Any CPU
	EndGlobalSection
	GlobalSection(ProjectConfigurationPlatforms) = postSolution
		{DD518C4E-6FAE-4C96-B68F-AB4FAD290491}.Debug|Any CPU.ActiveCfg = Debug|Any CPU
		{DD518C4E-6FAE-4C96-B68F-AB4FAD290491}.Debug|Any CPU.Build.0 = Debug|Any CPU
		{DD518C4E-6FAE-4C96-B68F-AB4FAD290491}.Release|Any CPU.ActiveCfg = Release|Any CPU
		{DD518C4E-6FAE-4C96-B68F-AB4FAD290491}.Release|Any CPU.Build.0 = Release|Any CPU
		{2CC357B6-3E0B-4DC6-AA0E-D7DE190DC3F9}.Debug|Any CPU.ActiveCfg = Debug|Any CPU
		{2CC357B6-3E0B-4DC6-AA0E-D7DE190DC3F9}.Debug|Any CPU.Build.0 = Debug|Any CPU
		{2CC357B6-3E0B-4DC6-AA0E-D7DE190DC3F9}.Release|Any CPU.ActiveCfg = Release|Any CPU
		{2CC357B6-3E0B-4DC6-AA0E-D7DE190DC3F9}.Release|Any CPU.Build.0 = Release|Any CPU
		{4D72B20C-C5AD-4B8B-BF35-BBB1EFB65CF6}.Debug|Any CPU.ActiveCfg = Debug|Any CPU
		{4D72B20C-C5AD-4B8B-BF35-BBB1EFB65CF6}.Debug|Any CPU.Build.0 = Debug|Any CPU
		{4D72B20C-C5AD-4B8B-BF35-BBB1EFB65CF6}.Release|Any CPU.ActiveCfg = Release|Any CPU
		{4D72B20C-C5AD-4B8B-BF35-BBB1EFB65CF6}.Release|Any CPU.Build.0 = Release|Any CPU
		{04620F96-F4D9-4556-BCF5-D54E4D931171}.Debug|Any CPU.ActiveCfg = Debug|Any CPU
		{04620F96-F4D9-4556-BCF5-D54E4D931171}.Debug|Any CPU.Build.0 = Debug|Any CPU
		{04620F96-F4D9-4556-BCF5-D54E4D931171}.Release|Any CPU.ActiveCfg = Release|Any CPU
		{04620F96-F4D9-4556-BCF5-D54E4D931171}.Release|Any CPU.Build.0 = Release|Any CPU
		{3597AA71-CC7E-4E65-BE16-AB17654CF814}.Debug|Any CPU.ActiveCfg = Debug|Any CPU
		{3597AA71-CC7E-4E65-BE16-AB17654CF814}.Debug|Any CPU.Build.0 = Debug|Any CPU
		{3597AA71-CC7E-4E65-BE16-AB17654CF814}.Release|Any CPU.ActiveCfg = Release|Any CPU
		{3597AA71-CC7E-4E65-BE16-AB17654CF814}.Release|Any CPU.Build.0 = Release|Any CPU
	EndGlobalSection
	GlobalSection(SolutionProperties) = preSolution
		HideSolutionNode = FALSE
	EndGlobalSection
	GlobalSection(NestedProjects) = preSolution
		{DD518C4E-6FAE-4C96-B68F-AB4FAD290491} = {2CB3E1C5-BBEE-4810-9A5D-62C7C3394D78}
	EndGlobalSection
	GlobalSection(ExtensibilityGlobals) = postSolution
		SolutionGuid = {13551686-47CA-42A5-BEDD-75DC46175566}
	EndGlobalSection
EndGlobal
